
Microsoft Visual Studio Solution File, Format Version 12.00
# Visual Studio 2015
Project("{FAE04EC0-301F-11D3-BF4B-00C04F79EFBC}") = "Source.CSharp.Plugins", "Source.CSharp.Plugins.csproj", "{757E2F58-CCF4-917E-925C-2FDF1DE02A64}"
EndProject
Project("{FAE04EC0-301F-11D3-BF4B-00C04F79EFBC}") = "Source.CSharp", "Source.CSharp.csproj", "{87044393-6696-4D07-3815-2463D890CDAE}"
EndProject
Project("{FAE04EC0-301F-11D3-BF4B-00C04F79EFBC}") = "Source.CSharp.Editor.Plugins", "Source.CSharp.Editor.Plugins.csproj", "{0FB237CE-CAA9-8E8E-A6B5-EFF05BD7F9FE}"
EndProject
Global
	GlobalSection(SolutionConfigurationPlatforms) = preSolution
		Debug|Any CPU = Debug|Any CPU
		Release|Any CPU = Release|Any CPU
	EndGlobalSection
	GlobalSection(ProjectConfigurationPlatforms) = postSolution
		{757E2F58-CCF4-917E-925C-2FDF1DE02A64}.Debug|Any CPU.ActiveCfg = Debug|Any CPU
		{757E2F58-CCF4-917E-925C-2FDF1DE02A64}.Debug|Any CPU.Build.0 = Debug|Any CPU
		{757E2F58-CCF4-917E-925C-2FDF1DE02A64}.Release|Any CPU.ActiveCfg = Release|Any CPU
		{757E2F58-CCF4-917E-925C-2FDF1DE02A64}.Release|Any CPU.Build.0 = Release|Any CPU
		{87044393-6696-4D07-3815-2463D890CDAE}.Debug|Any CPU.ActiveCfg = Debug|Any CPU
		{87044393-6696-4D07-3815-2463D890CDAE}.Debug|Any CPU.Build.0 = Debug|Any CPU
		{87044393-6696-4D07-3815-2463D890CDAE}.Release|Any CPU.ActiveCfg = Release|Any CPU
		{87044393-6696-4D07-3815-2463D890CDAE}.Release|Any CPU.Build.0 = Release|Any CPU
		{0FB237CE-CAA9-8E8E-A6B5-EFF05BD7F9FE}.Debug|Any CPU.ActiveCfg = Debug|Any CPU
		{0FB237CE-CAA9-8E8E-A6B5-EFF05BD7F9FE}.Debug|Any CPU.Build.0 = Debug|Any CPU
		{0FB237CE-CAA9-8E8E-A6B5-EFF05BD7F9FE}.Release|Any CPU.ActiveCfg = Release|Any CPU
		{0FB237CE-CAA9-8E8E-A6B5-EFF05BD7F9FE}.Release|Any CPU.Build.0 = Release|Any CPU
	EndGlobalSection
	GlobalSection(SolutionProperties) = preSolution
		HideSolutionNode = FALSE
	EndGlobalSection
EndGlobal
